{
  "version": 4,
  "terraform_version": "1.12.2",
  "serial": 10,
  "lineage": "94711c0f-d59b-7a5c-8157-fff6d5de6c3f",
  "outputs": {
    "pull_db_creds_vault": {
      "value": "{\"admin\":\"admin@123\"}",
      "type": "string",
      "sensitive": true
    },
    "vault_public_ip": {
      "value": "34.207.243.170",
      "type": "string"
    }
  },
  "resources": [
    {
      "mode": "data",
      "type": "vault_generic_secret",
      "name": "db_Creds",
      "provider": "provider[\"registry.terraform.io/hashicorp/vault\"]",
      "instances": [
        {
          "schema_version": 0,
          "attributes": {
            "data": {
              "admin": "admin@123"
            },
            "data_json": "{\"admin\":\"admin@123\"}",
            "id": "secret/db_creds",
            "lease_duration": 0,
            "lease_id": "",
            "lease_renewable": false,
            "lease_start_time": "2025-08-27T11:35:34Z",
            "namespace": null,
            "path": "secret/db_creds",
            "version": -1,
            "with_lease_start_time": true
          },
          "sensitive_attributes": [
            [
              {
                "type": "get_attr",
                "value": "data"
              }
            ],
            [
              {
                "type": "get_attr",
                "value": "data_json"
              }
            ]
          ],
          "identity_schema_version": 0
        }
      ]
    },
    {
      "mode": "managed",
      "type": "aws_instance",
      "name": "vault_server",
      "provider": "provider[\"registry.terraform.io/hashicorp/aws\"]",
      "instances": [
        {
          "schema_version": 2,
          "attributes": {
            "ami": "ami-0360c520857e3138f",
            "arn": "arn:aws:ec2:us-east-1:140023370732:instance/i-0ae607113de6837c3",
            "associate_public_ip_address": true,
            "availability_zone": "us-east-1d",
            "capacity_reservation_specification": [
              {
                "capacity_reservation_preference": "open",
                "capacity_reservation_target": []
              }
            ],
            "cpu_options": [
              {
                "amd_sev_snp": "",
                "core_count": 1,
                "threads_per_core": 1
              }
            ],
            "credit_specification": [
              {
                "cpu_credits": "standard"
              }
            ],
            "disable_api_stop": false,
            "disable_api_termination": false,
            "ebs_block_device": [],
            "ebs_optimized": false,
            "enable_primary_ipv6": null,
            "enclave_options": [
              {
                "enabled": false
              }
            ],
            "ephemeral_block_device": [],
            "force_destroy": false,
            "get_password_data": false,
            "hibernation": false,
            "host_id": "",
            "host_resource_group_arn": null,
            "iam_instance_profile": "",
            "id": "i-0ae607113de6837c3",
            "instance_initiated_shutdown_behavior": "stop",
            "instance_lifecycle": "",
            "instance_market_options": [],
            "instance_state": "running",
            "instance_type": "t2.micro",
            "ipv6_address_count": 0,
            "ipv6_addresses": [],
            "key_name": "Jenkins-KVP",
            "launch_template": [],
            "maintenance_options": [
              {
                "auto_recovery": "default"
              }
            ],
            "metadata_options": [
              {
                "http_endpoint": "enabled",
                "http_protocol_ipv6": "disabled",
                "http_put_response_hop_limit": 2,
                "http_tokens": "required",
                "instance_metadata_tags": "disabled"
              }
            ],
            "monitoring": false,
            "network_interface": [],
            "outpost_arn": "",
            "password_data": "",
            "placement_group": "",
            "placement_partition_number": 0,
            "primary_network_interface": [
              {
                "delete_on_termination": true,
                "network_interface_id": "eni-0257e3a6b5699c84b"
              }
            ],
            "primary_network_interface_id": "eni-0257e3a6b5699c84b",
            "private_dns": "ip-172-31-18-73.ec2.internal",
            "private_dns_name_options": [
              {
                "enable_resource_name_dns_a_record": false,
                "enable_resource_name_dns_aaaa_record": false,
                "hostname_type": "ip-name"
              }
            ],
            "private_ip": "172.31.18.73",
            "public_dns": "ec2-34-207-243-170.compute-1.amazonaws.com",
            "public_ip": "34.207.243.170",
            "region": "us-east-1",
            "root_block_device": [
              {
                "delete_on_termination": true,
                "device_name": "/dev/sda1",
                "encrypted": false,
                "iops": 3000,
                "kms_key_id": "",
                "tags": {},
                "tags_all": {},
                "throughput": 125,
                "volume_id": "vol-0c81586d027915f79",
                "volume_size": 8,
                "volume_type": "gp3"
              }
            ],
            "secondary_private_ips": [],
            "security_groups": [
              "vault-sg"
            ],
            "source_dest_check": true,
            "spot_instance_request_id": "",
            "subnet_id": "subnet-042588c88584d138d",
            "tags": {
              "Name": "VaultDevInstance"
            },
            "tags_all": {
              "Name": "VaultDevInstance"
            },
            "tenancy": "default",
            "timeouts": null,
            "user_data": "#!/bin/bash\n# User-data script to install Vault in dev mode\n\napt update -y \u0026\u0026 apt upgrade -y\napt install -y curl gnupg software-properties-common unzip ufw\n\n# Add HashiCorp GPG key \u0026 repo\ncurl -fsSL https://apt.releases.hashicorp.com/gpg | gpg --dearmor -o /usr/share/keyrings/hashicorp-archive-keyring.gpg\necho \"deb [signed-by=/usr/share/keyrings/hashicorp-archive-keyring.gpg] https://apt.releases.hashicorp.com $(lsb_release -cs) main\" \u003e /etc/apt/sources.list.d/hashicorp.list\n\napt update -y \u0026\u0026 apt install -y vault\n\n# Open port 8200\nufw allow 8200\nufw allow ssh\nufw --force enable\n\n# Create systemd service for dev Vault\ncat \u003c\u003cEOF \u003e /etc/systemd/system/vault-dev.service\n[Unit]\nDescription=Vault Dev Server\nAfter=network.target\n\n[Service]\nUser=root\nExecStart=/usr/bin/vault server -dev -dev-root-token-id=\"root\" -dev-listen-address=\"0.0.0.0:8200\"\nRestart=on-failure\nLimitNOFILE=65536\n\n[Install]\nWantedBy=multi-user.target\nEOF\n\nsystemctl daemon-reload\nsystemctl enable vault-dev\nsystemctl start vault-dev\n\n# Set ENV for root user\necho 'export VAULT_ADDR=\"http://127.0.0.1:8200\"' \u003e\u003e /root/.bashrc\necho 'export VAULT_TOKEN=\"root\"' \u003e\u003e /root/.bashrc\n\n# Log token and status\necho \"Vault running at http://$(curl -s http://169.254.169.254/latest/meta-data/public-ipv4):8200\" \u003e /var/log/vault-info.txt\necho \"Root Token: root\" \u003e\u003e /var/log/vault-info.txt\n",
            "user_data_base64": null,
            "user_data_replace_on_change": false,
            "volume_tags": null,
            "vpc_security_group_ids": [
              "sg-0ddb10a245dac9178"
            ]
          },
          "sensitive_attributes": [],
          "identity_schema_version": 0,
          "private": "eyJlMmJmYjczMC1lY2FhLTExZTYtOGY4OC0zNDM2M2JjN2M0YzAiOnsiY3JlYXRlIjo2MDAwMDAwMDAwMDAsImRlbGV0ZSI6MTIwMDAwMDAwMDAwMCwicmVhZCI6OTAwMDAwMDAwMDAwLCJ1cGRhdGUiOjYwMDAwMDAwMDAwMH0sInNjaGVtYV92ZXJzaW9uIjoiMiJ9",
          "dependencies": [
            "aws_security_group.vault_sg"
          ]
        }
      ]
    },
    {
      "mode": "managed",
      "type": "aws_security_group",
      "name": "vault_sg",
      "provider": "provider[\"registry.terraform.io/hashicorp/aws\"]",
      "instances": [
        {
          "schema_version": 1,
          "attributes": {
            "arn": "arn:aws:ec2:us-east-1:140023370732:security-group/sg-0ddb10a245dac9178",
            "description": "Allow Vault traffic",
            "egress": [
              {
                "cidr_blocks": [
                  "0.0.0.0/0"
                ],
                "description": "",
                "from_port": 0,
                "ipv6_cidr_blocks": [],
                "prefix_list_ids": [],
                "protocol": "-1",
                "security_groups": [],
                "self": false,
                "to_port": 0
              }
            ],
            "id": "sg-0ddb10a245dac9178",
            "ingress": [
              {
                "cidr_blocks": [
                  "0.0.0.0/0"
                ],
                "description": "",
                "from_port": 22,
                "ipv6_cidr_blocks": [],
                "prefix_list_ids": [],
                "protocol": "tcp",
                "security_groups": [],
                "self": false,
                "to_port": 22
              },
              {
                "cidr_blocks": [
                  "0.0.0.0/0"
                ],
                "description": "",
                "from_port": 8200,
                "ipv6_cidr_blocks": [],
                "prefix_list_ids": [],
                "protocol": "tcp",
                "security_groups": [],
                "self": false,
                "to_port": 8200
              }
            ],
            "name": "vault-sg",
            "name_prefix": "",
            "owner_id": "140023370732",
            "region": "us-east-1",
            "revoke_rules_on_delete": false,
            "tags": {},
            "tags_all": {},
            "timeouts": null,
            "vpc_id": "vpc-04ee893469c8d4b1d"
          },
          "sensitive_attributes": [],
          "identity_schema_version": 0,
          "identity": {
            "account_id": "140023370732",
            "id": "sg-0ddb10a245dac9178",
            "region": "us-east-1"
          },
          "private": "eyJlMmJmYjczMC1lY2FhLTExZTYtOGY4OC0zNDM2M2JjN2M0YzAiOnsiY3JlYXRlIjo2MDAwMDAwMDAwMDAsImRlbGV0ZSI6OTAwMDAwMDAwMDAwfSwic2NoZW1hX3ZlcnNpb24iOiIxIn0="
        }
      ]
    }
  ],
  "check_results": null
}
