{
  "version": 4,
  "terraform_version": "1.12.2",
  "serial": 1,
  "lineage": "84458fea-9203-ee0a-9475-aba8f9a7f2d3",
  "outputs": {},
  "resources": [
    {
      "mode": "managed",
      "type": "aws_security_group",
      "name": "Prod_SG",
      "provider": "provider[\"registry.terraform.io/hashicorp/aws\"]",
      "instances": [
        {
          "schema_version": 1,
          "attributes": {
            "arn": "arn:aws:ec2:us-east-1:140023370732:security-group/sg-09a48e53ad484eba0",
            "description": "Managed by Terraform",
            "egress": [],
            "id": "sg-09a48e53ad484eba0",
            "ingress": [],
            "name": "Prod_SG",
            "name_prefix": "",
            "owner_id": "140023370732",
            "region": "us-east-1",
            "revoke_rules_on_delete": false,
            "tags": null,
            "tags_all": {},
            "timeouts": null,
            "vpc_id": "vpc-04ee893469c8d4b1d"
          },
          "sensitive_attributes": [],
          "identity_schema_version": 0,
          "identity": {
            "account_id": "140023370732",
            "id": "sg-09a48e53ad484eba0",
            "region": "us-east-1"
          },
          "private": "eyJlMmJmYjczMC1lY2FhLTExZTYtOGY4OC0zNDM2M2JjN2M0YzAiOnsiY3JlYXRlIjo2MDAwMDAwMDAwMDAsImRlbGV0ZSI6OTAwMDAwMDAwMDAwfSwic2NoZW1hX3ZlcnNpb24iOiIxIn0="
        }
      ]
    }
  ],
  "check_results": null
}
